
Microsoft Visual Studio Solution File, Format Version 12.00
Project("{FAE04EC0-301F-11D3-BF4B-00C04F79EFBC}") = "Publisher.Presentation", "Publisher.Presentation\Publisher.Presentation.csproj", "{5FDE1335-BACE-4F67-B4AE-FBC15E98EB08}"
EndProject
Project("{FAE04EC0-301F-11D3-BF4B-00C04F79EFBC}") = "Publisher.Application", "Publisher.Application\Publisher.Application.csproj", "{69E5B9D2-F6FE-46C0-86E0-B838BBCB0C75}"
EndProject
Project("{FAE04EC0-301F-11D3-BF4B-00C04F79EFBC}") = "Publisher.Domain", "Publisher.Domain\Publisher.Domain.csproj", "{86DA123F-8BF7-478A-9F20-7C6C0A48D50B}"
EndProject
Project("{FAE04EC0-301F-11D3-BF4B-00C04F79EFBC}") = "Publisher.Infrastructure", "Publisher.Infrastructure\Publisher.Infrastructure.csproj", "{A48B0CC1-E080-47EB-B134-55F90DFFE867}"
EndProject
Project("{2150E333-8FDC-42A3-9474-1A3956D46DE8}") = "Publisher", "Publisher", "{178B8997-31A4-49F4-A54E-4179A00BA04F}"
EndProject
Project("{2150E333-8FDC-42A3-9474-1A3956D46DE8}") = "Discussion", "Discussion", "{2CE2CDAE-A748-48D4-931D-6525A0111FB7}"
EndProject
Project("{FAE04EC0-301F-11D3-BF4B-00C04F79EFBC}") = "Discussion.Application", "Discussion.Application\Discussion.Application.csproj", "{AF427072-8E54-4310-8FDC-E364633D9CD7}"
EndProject
Project("{FAE04EC0-301F-11D3-BF4B-00C04F79EFBC}") = "Discussion.Domain", "Discussion.Domain\Discussion.Domain.csproj", "{9A24222A-D607-4F64-9E94-A2EEA2E767F3}"
EndProject
Project("{FAE04EC0-301F-11D3-BF4B-00C04F79EFBC}") = "Discussion.Infrastructure", "Discussion.Infrastructure\Discussion.Infrastructure.csproj", "{FF631E24-1569-4026-8313-24FE5DE4A501}"
EndProject
Project("{FAE04EC0-301F-11D3-BF4B-00C04F79EFBC}") = "Discussion.Presentation", "Discussion.Presentation\Discussion.Presentation.csproj", "{A75E2735-689C-43B1-911E-6C85191337C8}"
EndProject
Global
	GlobalSection(SolutionConfigurationPlatforms) = preSolution
		Debug|Any CPU = Debug|Any CPU
		Release|Any CPU = Release|Any CPU
	EndGlobalSection
	GlobalSection(ProjectConfigurationPlatforms) = postSolution
		{5FDE1335-BACE-4F67-B4AE-FBC15E98EB08}.Debug|Any CPU.ActiveCfg = Debug|Any CPU
		{5FDE1335-BACE-4F67-B4AE-FBC15E98EB08}.Debug|Any CPU.Build.0 = Debug|Any CPU
		{5FDE1335-BACE-4F67-B4AE-FBC15E98EB08}.Release|Any CPU.ActiveCfg = Release|Any CPU
		{5FDE1335-BACE-4F67-B4AE-FBC15E98EB08}.Release|Any CPU.Build.0 = Release|Any CPU
		{69E5B9D2-F6FE-46C0-86E0-B838BBCB0C75}.Debug|Any CPU.ActiveCfg = Debug|Any CPU
		{69E5B9D2-F6FE-46C0-86E0-B838BBCB0C75}.Debug|Any CPU.Build.0 = Debug|Any CPU
		{69E5B9D2-F6FE-46C0-86E0-B838BBCB0C75}.Release|Any CPU.ActiveCfg = Release|Any CPU
		{69E5B9D2-F6FE-46C0-86E0-B838BBCB0C75}.Release|Any CPU.Build.0 = Release|Any CPU
		{86DA123F-8BF7-478A-9F20-7C6C0A48D50B}.Debug|Any CPU.ActiveCfg = Debug|Any CPU
		{86DA123F-8BF7-478A-9F20-7C6C0A48D50B}.Debug|Any CPU.Build.0 = Debug|Any CPU
		{86DA123F-8BF7-478A-9F20-7C6C0A48D50B}.Release|Any CPU.ActiveCfg = Release|Any CPU
		{86DA123F-8BF7-478A-9F20-7C6C0A48D50B}.Release|Any CPU.Build.0 = Release|Any CPU
		{A48B0CC1-E080-47EB-B134-55F90DFFE867}.Debug|Any CPU.ActiveCfg = Debug|Any CPU
		{A48B0CC1-E080-47EB-B134-55F90DFFE867}.Debug|Any CPU.Build.0 = Debug|Any CPU
		{A48B0CC1-E080-47EB-B134-55F90DFFE867}.Release|Any CPU.ActiveCfg = Release|Any CPU
		{A48B0CC1-E080-47EB-B134-55F90DFFE867}.Release|Any CPU.Build.0 = Release|Any CPU
		{AF427072-8E54-4310-8FDC-E364633D9CD7}.Debug|Any CPU.ActiveCfg = Debug|Any CPU
		{AF427072-8E54-4310-8FDC-E364633D9CD7}.Debug|Any CPU.Build.0 = Debug|Any CPU
		{AF427072-8E54-4310-8FDC-E364633D9CD7}.Release|Any CPU.ActiveCfg = Release|Any CPU
		{AF427072-8E54-4310-8FDC-E364633D9CD7}.Release|Any CPU.Build.0 = Release|Any CPU
		{9A24222A-D607-4F64-9E94-A2EEA2E767F3}.Debug|Any CPU.ActiveCfg = Debug|Any CPU
		{9A24222A-D607-4F64-9E94-A2EEA2E767F3}.Debug|Any CPU.Build.0 = Debug|Any CPU
		{9A24222A-D607-4F64-9E94-A2EEA2E767F3}.Release|Any CPU.ActiveCfg = Release|Any CPU
		{9A24222A-D607-4F64-9E94-A2EEA2E767F3}.Release|Any CPU.Build.0 = Release|Any CPU
		{FF631E24-1569-4026-8313-24FE5DE4A501}.Debug|Any CPU.ActiveCfg = Debug|Any CPU
		{FF631E24-1569-4026-8313-24FE5DE4A501}.Debug|Any CPU.Build.0 = Debug|Any CPU
		{FF631E24-1569-4026-8313-24FE5DE4A501}.Release|Any CPU.ActiveCfg = Release|Any CPU
		{FF631E24-1569-4026-8313-24FE5DE4A501}.Release|Any CPU.Build.0 = Release|Any CPU
		{A75E2735-689C-43B1-911E-6C85191337C8}.Debug|Any CPU.ActiveCfg = Debug|Any CPU
		{A75E2735-689C-43B1-911E-6C85191337C8}.Debug|Any CPU.Build.0 = Debug|Any CPU
		{A75E2735-689C-43B1-911E-6C85191337C8}.Release|Any CPU.ActiveCfg = Release|Any CPU
		{A75E2735-689C-43B1-911E-6C85191337C8}.Release|Any CPU.Build.0 = Release|Any CPU
	EndGlobalSection
	GlobalSection(NestedProjects) = preSolution
		{69E5B9D2-F6FE-46C0-86E0-B838BBCB0C75} = {178B8997-31A4-49F4-A54E-4179A00BA04F}
		{86DA123F-8BF7-478A-9F20-7C6C0A48D50B} = {178B8997-31A4-49F4-A54E-4179A00BA04F}
		{A48B0CC1-E080-47EB-B134-55F90DFFE867} = {178B8997-31A4-49F4-A54E-4179A00BA04F}
		{5FDE1335-BACE-4F67-B4AE-FBC15E98EB08} = {178B8997-31A4-49F4-A54E-4179A00BA04F}
		{AF427072-8E54-4310-8FDC-E364633D9CD7} = {2CE2CDAE-A748-48D4-931D-6525A0111FB7}
		{9A24222A-D607-4F64-9E94-A2EEA2E767F3} = {2CE2CDAE-A748-48D4-931D-6525A0111FB7}
		{FF631E24-1569-4026-8313-24FE5DE4A501} = {2CE2CDAE-A748-48D4-931D-6525A0111FB7}
		{A75E2735-689C-43B1-911E-6C85191337C8} = {2CE2CDAE-A748-48D4-931D-6525A0111FB7}
	EndGlobalSection
EndGlobal
