
Microsoft Visual Studio Solution File, Format Version 12.00
Project("{2150E333-8FDC-42A3-9474-1A3956D46DE8}") = "Publisher", "Publisher", "{62944F21-FCAF-4678-9673-C865FEAE344F}"
EndProject
Project("{FAE04EC0-301F-11D3-BF4B-00C04F79EFBC}") = "Presentation", "Publisher\Presentation\Presentation.csproj", "{1A2A69A3-7693-4700-9F97-2C5AA67448D3}"
EndProject
Project("{2150E333-8FDC-42A3-9474-1A3956D46DE8}") = "Discussion", "Discussion", "{0AE440AA-6EAA-4E0E-82E3-F5CDAD2C12D1}"
EndProject
Project("{FAE04EC0-301F-11D3-BF4B-00C04F79EFBC}") = "Presentation", "Discussion\Presentation\Presentation.csproj", "{A80C84AE-8E92-4DF4-B303-380C46527283}"
EndProject
Project("{FAE04EC0-301F-11D3-BF4B-00C04F79EFBC}") = "Infrastructure", "Publisher\Infrastructure\Infrastructure.csproj", "{A38637F0-7016-44FD-B34D-2857456AE04B}"
EndProject
Project("{FAE04EC0-301F-11D3-BF4B-00C04F79EFBC}") = "Domain", "Publisher\Domain\Domain.csproj", "{170CCCBD-FAF4-40E0-BC12-EB5C584D05EA}"
EndProject
Project("{FAE04EC0-301F-11D3-BF4B-00C04F79EFBC}") = "Domain", "Discussion\Domain\Domain.csproj", "{0D3293D2-C98D-4CFF-B3E6-5926476EB9DF}"
EndProject
Project("{FAE04EC0-301F-11D3-BF4B-00C04F79EFBC}") = "Infrastructure", "Discussion\Infrastructure\Infrastructure.csproj", "{331C7C05-296F-40FE-98AC-4E508D9C40A2}"
EndProject
Global
	GlobalSection(SolutionConfigurationPlatforms) = preSolution
		Debug|Any CPU = Debug|Any CPU
		Release|Any CPU = Release|Any CPU
	EndGlobalSection
	GlobalSection(ProjectConfigurationPlatforms) = postSolution
		{1A2A69A3-7693-4700-9F97-2C5AA67448D3}.Debug|Any CPU.ActiveCfg = Debug|Any CPU
		{1A2A69A3-7693-4700-9F97-2C5AA67448D3}.Debug|Any CPU.Build.0 = Debug|Any CPU
		{1A2A69A3-7693-4700-9F97-2C5AA67448D3}.Release|Any CPU.ActiveCfg = Release|Any CPU
		{1A2A69A3-7693-4700-9F97-2C5AA67448D3}.Release|Any CPU.Build.0 = Release|Any CPU
		{A80C84AE-8E92-4DF4-B303-380C46527283}.Debug|Any CPU.ActiveCfg = Debug|Any CPU
		{A80C84AE-8E92-4DF4-B303-380C46527283}.Debug|Any CPU.Build.0 = Debug|Any CPU
		{A80C84AE-8E92-4DF4-B303-380C46527283}.Release|Any CPU.ActiveCfg = Release|Any CPU
		{A80C84AE-8E92-4DF4-B303-380C46527283}.Release|Any CPU.Build.0 = Release|Any CPU
		{A38637F0-7016-44FD-B34D-2857456AE04B}.Debug|Any CPU.ActiveCfg = Debug|Any CPU
		{A38637F0-7016-44FD-B34D-2857456AE04B}.Debug|Any CPU.Build.0 = Debug|Any CPU
		{A38637F0-7016-44FD-B34D-2857456AE04B}.Release|Any CPU.ActiveCfg = Release|Any CPU
		{A38637F0-7016-44FD-B34D-2857456AE04B}.Release|Any CPU.Build.0 = Release|Any CPU
		{170CCCBD-FAF4-40E0-BC12-EB5C584D05EA}.Debug|Any CPU.ActiveCfg = Debug|Any CPU
		{170CCCBD-FAF4-40E0-BC12-EB5C584D05EA}.Debug|Any CPU.Build.0 = Debug|Any CPU
		{170CCCBD-FAF4-40E0-BC12-EB5C584D05EA}.Release|Any CPU.ActiveCfg = Release|Any CPU
		{170CCCBD-FAF4-40E0-BC12-EB5C584D05EA}.Release|Any CPU.Build.0 = Release|Any CPU
		{0D3293D2-C98D-4CFF-B3E6-5926476EB9DF}.Debug|Any CPU.ActiveCfg = Debug|Any CPU
		{0D3293D2-C98D-4CFF-B3E6-5926476EB9DF}.Debug|Any CPU.Build.0 = Debug|Any CPU
		{0D3293D2-C98D-4CFF-B3E6-5926476EB9DF}.Release|Any CPU.ActiveCfg = Release|Any CPU
		{0D3293D2-C98D-4CFF-B3E6-5926476EB9DF}.Release|Any CPU.Build.0 = Release|Any CPU
		{331C7C05-296F-40FE-98AC-4E508D9C40A2}.Debug|Any CPU.ActiveCfg = Debug|Any CPU
		{331C7C05-296F-40FE-98AC-4E508D9C40A2}.Debug|Any CPU.Build.0 = Debug|Any CPU
		{331C7C05-296F-40FE-98AC-4E508D9C40A2}.Release|Any CPU.ActiveCfg = Release|Any CPU
		{331C7C05-296F-40FE-98AC-4E508D9C40A2}.Release|Any CPU.Build.0 = Release|Any CPU
	EndGlobalSection
	GlobalSection(NestedProjects) = preSolution
		{1A2A69A3-7693-4700-9F97-2C5AA67448D3} = {62944F21-FCAF-4678-9673-C865FEAE344F}
		{A80C84AE-8E92-4DF4-B303-380C46527283} = {0AE440AA-6EAA-4E0E-82E3-F5CDAD2C12D1}
		{A38637F0-7016-44FD-B34D-2857456AE04B} = {62944F21-FCAF-4678-9673-C865FEAE344F}
		{170CCCBD-FAF4-40E0-BC12-EB5C584D05EA} = {62944F21-FCAF-4678-9673-C865FEAE344F}
		{0D3293D2-C98D-4CFF-B3E6-5926476EB9DF} = {0AE440AA-6EAA-4E0E-82E3-F5CDAD2C12D1}
		{331C7C05-296F-40FE-98AC-4E508D9C40A2} = {0AE440AA-6EAA-4E0E-82E3-F5CDAD2C12D1}
	EndGlobalSection
EndGlobal
